
Microsoft Visual Studio Solution File, Format Version 12.00
# Visual Studio Version 16
VisualStudioVersion = 16.0.29613.14
MinimumVisualStudioVersion = 10.0.40219.1
Project("{FAE04EC0-301F-11D3-BF4B-00C04F79EFBC}") = "CoreMvc3_Bootstrap", "CoreMvc3_Bootstrap\CoreMvc3_Bootstrap.csproj", "{A1F7C8D6-1A7D-49C8-BCD6-CA3E20AFD072}"
EndProject
Global
	GlobalSection(SolutionConfigurationPlatforms) = preSolution
		Debug|Any CPU = Debug|Any CPU
		Release|Any CPU = Release|Any CPU
	EndGlobalSection
	GlobalSection(ProjectConfigurationPlatforms) = postSolution
		{A1F7C8D6-1A7D-49C8-BCD6-CA3E20AFD072}.Debug|Any CPU.ActiveCfg = Debug|Any CPU
		{A1F7C8D6-1A7D-49C8-BCD6-CA3E20AFD072}.Debug|Any CPU.Build.0 = Debug|Any CPU
		{A1F7C8D6-1A7D-49C8-BCD6-CA3E20AFD072}.Release|Any CPU.ActiveCfg = Release|Any CPU
		{A1F7C8D6-1A7D-49C8-BCD6-CA3E20AFD072}.Release|Any CPU.Build.0 = Release|Any CPU
	EndGlobalSection
	GlobalSection(SolutionProperties) = preSolution
		HideSolutionNode = FALSE
	EndGlobalSection
	GlobalSection(ExtensibilityGlobals) = postSolution
		SolutionGuid = {0B210BAD-ABEF-4B87-90DB-F200026FE1D4}
	EndGlobalSection
EndGlobal
